
Microsoft Visual Studio Solution File, Format Version 12.00
# Visual Studio Version 17
VisualStudioVersion = 17.7.34031.279
MinimumVisualStudioVersion = 10.0.40219.1
Project("{FAE04EC0-301F-11D3-BF4B-00C04F79EFBC}") = "CurrencyConverter", "ders6\CurrencyConverter.csproj", "{4DA7326B-71EC-433E-A8FB-B2C10006235C}"
EndProject
Project("{54435603-DBB4-11D2-8724-00A0C9A8B90C}") = "Currency Converter", "Currency Converter\Currency Converter.vdproj", "{752681B5-3065-4A59-8F5F-F0D0973402E6}"
EndProject
Global
	GlobalSection(SolutionConfigurationPlatforms) = preSolution
		Debug|Any CPU = Debug|Any CPU
		Release|Any CPU = Release|Any CPU
	EndGlobalSection
	GlobalSection(ProjectConfigurationPlatforms) = postSolution
		{4DA7326B-71EC-433E-A8FB-B2C10006235C}.Debug|Any CPU.ActiveCfg = Debug|Any CPU
		{4DA7326B-71EC-433E-A8FB-B2C10006235C}.Debug|Any CPU.Build.0 = Debug|Any CPU
		{4DA7326B-71EC-433E-A8FB-B2C10006235C}.Release|Any CPU.ActiveCfg = Release|Any CPU
		{4DA7326B-71EC-433E-A8FB-B2C10006235C}.Release|Any CPU.Build.0 = Release|Any CPU
		{752681B5-3065-4A59-8F5F-F0D0973402E6}.Debug|Any CPU.ActiveCfg = Debug
		{752681B5-3065-4A59-8F5F-F0D0973402E6}.Release|Any CPU.ActiveCfg = Release
	EndGlobalSection
	GlobalSection(SolutionProperties) = preSolution
		HideSolutionNode = FALSE
	EndGlobalSection
	GlobalSection(ExtensibilityGlobals) = postSolution
		SolutionGuid = {8510B458-F396-409C-910A-C4E3C30072C6}
	EndGlobalSection
EndGlobal
